// !$*UTF8*$!
{
	archiveVersion = 1;
	classes = {
	};
	objectVersion = 46;
	objects = {

/* Begin PBXBuildFile section */
		4944CA851B8DB7F3007EA349 /* SheetActionCollectionViewCell.swift in Sources */ = {isa = PBXBuildFile; fileRef = 4944CA841B8DB7F3007EA349 /* SheetActionCollectionViewCell.swift */; };
		494505AC1B2201AF00EF9ADC /* KIFExtensions.swift in Sources */ = {isa = PBXBuildFile; fileRef = 494505AB1B2201AF00EF9ADC /* KIFExtensions.swift */; };
		494505AE1B22022F00EF9ADC /* CoreGraphics.framework in Frameworks */ = {isa = PBXBuildFile; fileRef = 49A408461B21854300D6005C /* CoreGraphics.framework */; };
		494505B11B22026600EF9ADC /* IOKit.framework in Frameworks */ = {isa = PBXBuildFile; fileRef = 49A408481B2186D500D6005C /* IOKit.framework */; };
		494B3B711B8EF3CB004B467C /* ImagePickerSheetController.swift in Sources */ = {isa = PBXBuildFile; fileRef = 494B3B701B8EF3CB004B467C /* ImagePickerSheetController.swift */; };
		495E5F551B9DE84D004729E6 /* KIF.framework in Frameworks */ = {isa = PBXBuildFile; fileRef = 49A408441B21853E00D6005C /* KIF.framework */; };
		495F89A91B394288006B9BA4 /* Nimble.framework in CopyFiles */ = {isa = PBXBuildFile; fileRef = 49DC4AAD1B14FB9A00B4E78E /* Nimble.framework */; settings = {ATTRIBUTES = (CodeSignOnCopy, RemoveHeadersOnCopy, ); }; };
		49665AD71B8F2DC6005AA666 /* SheetController.swift in Sources */ = {isa = PBXBuildFile; fileRef = 49665AD61B8F2DC6005AA666 /* SheetController.swift */; };
		4981CB031B8B246000A09750 /* SheetPreviewCollectionViewCell.swift in Sources */ = {isa = PBXBuildFile; fileRef = 4981CAFD1B8B246000A09750 /* SheetPreviewCollectionViewCell.swift */; };
		4981CB041B8B246000A09750 /* PreviewCollectionViewCell.swift in Sources */ = {isa = PBXBuildFile; fileRef = 4981CAFF1B8B246000A09750 /* PreviewCollectionViewCell.swift */; };
		4981CB051B8B246000A09750 /* PreviewCollectionView.swift in Sources */ = {isa = PBXBuildFile; fileRef = 4981CB001B8B246000A09750 /* PreviewCollectionView.swift */; };
		4981CB061B8B246000A09750 /* PreviewCollectionViewLayout.swift in Sources */ = {isa = PBXBuildFile; fileRef = 4981CB011B8B246000A09750 /* PreviewCollectionViewLayout.swift */; };
		4981CB071B8B246000A09750 /* PreviewSupplementaryView.swift in Sources */ = {isa = PBXBuildFile; fileRef = 4981CB021B8B246000A09750 /* PreviewSupplementaryView.swift */; };
		4981CB091B8B255A00A09750 /* SheetCollectionViewCell.swift in Sources */ = {isa = PBXBuildFile; fileRef = 4981CB081B8B255A00A09750 /* SheetCollectionViewCell.swift */; };
		4989232F1B9B05CB00D68C8E /* KIF.framework in CopyFiles */ = {isa = PBXBuildFile; fileRef = 49A408441B21853E00D6005C /* KIF.framework */; settings = {ATTRIBUTES = (CodeSignOnCopy, RemoveHeadersOnCopy, ); }; };
		499E65CF1B8E317C005B807F /* SheetCollectionViewLayout.swift in Sources */ = {isa = PBXBuildFile; fileRef = 499E65CE1B8E317C005B807F /* SheetCollectionViewLayout.swift */; };
		49A93AE81B9CC0F100EE8A40 /* PresentationTests.swift in Sources */ = {isa = PBXBuildFile; fileRef = 49A93AE71B9CC0F100EE8A40 /* PresentationTests.swift */; };
		49A93AF11B9CC15A00EE8A40 /* DismissalTests.swift in Sources */ = {isa = PBXBuildFile; fileRef = 49A93AF01B9CC15A00EE8A40 /* DismissalTests.swift */; };
		49A93AF31B9CCB3900EE8A40 /* AddingActionTests.swift in Sources */ = {isa = PBXBuildFile; fileRef = 49A93AF21B9CCB3900EE8A40 /* AddingActionTests.swift */; };
		49A93AF51B9CCBA900EE8A40 /* ActionHandlingTests.swift in Sources */ = {isa = PBXBuildFile; fileRef = 49A93AF41B9CCBA900EE8A40 /* ActionHandlingTests.swift */; };
		49A93AF71B9CCC9500EE8A40 /* ImageSelectionTests.swift in Sources */ = {isa = PBXBuildFile; fileRef = 49A93AF61B9CCC9500EE8A40 /* ImageSelectionTests.swift */; };
		49DC4A571B14F1BC00B4E78E /* ImagePickerSheetController.h in Headers */ = {isa = PBXBuildFile; fileRef = 49DC4A561B14F1BC00B4E78E /* ImagePickerSheetController.h */; settings = {ATTRIBUTES = (Public, ); }; };
		49DC4A5D1B14F1BC00B4E78E /* ImagePickerSheetController.framework in Frameworks */ = {isa = PBXBuildFile; fileRef = 49DC4A511B14F1BC00B4E78E /* ImagePickerSheetController.framework */; };
		49DC4A641B14F1BC00B4E78E /* ImagePickerSheetControllerTests.swift in Sources */ = {isa = PBXBuildFile; fileRef = 49DC4A631B14F1BC00B4E78E /* ImagePickerSheetControllerTests.swift */; };
		49DC4A751B14F1F600B4E78E /* AnimationController.swift in Sources */ = {isa = PBXBuildFile; fileRef = 49DC4A6D1B14F1F600B4E78E /* AnimationController.swift */; };
		49DC4A761B14F1F600B4E78E /* ImagePickerAction.swift in Sources */ = {isa = PBXBuildFile; fileRef = 49DC4A6E1B14F1F600B4E78E /* ImagePickerAction.swift */; };
		49DC4A7E1B14F22200B4E78E /* Images.xcassets in Resources */ = {isa = PBXBuildFile; fileRef = 49DC4A7D1B14F22200B4E78E /* Images.xcassets */; };
		49DC4A801B14F2EF00B4E78E /* Photos.framework in Frameworks */ = {isa = PBXBuildFile; fileRef = 49DC4A7F1B14F2EF00B4E78E /* Photos.framework */; };
		49DC4A8B1B14F31500B4E78E /* AppDelegate.swift in Sources */ = {isa = PBXBuildFile; fileRef = 49DC4A8A1B14F31500B4E78E /* AppDelegate.swift */; };
		49DC4A8D1B14F31500B4E78E /* ViewController.swift in Sources */ = {isa = PBXBuildFile; fileRef = 49DC4A8C1B14F31500B4E78E /* ViewController.swift */; };
		49DC4A951B14F31500B4E78E /* LaunchScreen.xib in Resources */ = {isa = PBXBuildFile; fileRef = 49DC4A931B14F31500B4E78E /* LaunchScreen.xib */; };
		49DC4AA81B14F3B800B4E78E /* ImagePickerSheetController.framework in Frameworks */ = {isa = PBXBuildFile; fileRef = 49DC4A511B14F1BC00B4E78E /* ImagePickerSheetController.framework */; };
		49DC4AA91B14F3B800B4E78E /* ImagePickerSheetController.framework in Embed Frameworks */ = {isa = PBXBuildFile; fileRef = 49DC4A511B14F1BC00B4E78E /* ImagePickerSheetController.framework */; settings = {ATTRIBUTES = (CodeSignOnCopy, RemoveHeadersOnCopy, ); }; };
		49DC4AAF1B14FB9A00B4E78E /* Nimble.framework in Frameworks */ = {isa = PBXBuildFile; fileRef = 49DC4AAD1B14FB9A00B4E78E /* Nimble.framework */; };
		49F3118A1B15074100ACD6A7 /* Localizable.stringsdict in Resources */ = {isa = PBXBuildFile; fileRef = 49F3118C1B15074100ACD6A7 /* Localizable.stringsdict */; };
		49F3118D1B15074400ACD6A7 /* Localizable.strings in Resources */ = {isa = PBXBuildFile; fileRef = 49F3118F1B15074400ACD6A7 /* Localizable.strings */; };
/* End PBXBuildFile section */

/* Begin PBXContainerItemProxy section */
		49DC4A5E1B14F1BC00B4E78E /* PBXContainerItemProxy */ = {
			isa = PBXContainerItemProxy;
			containerPortal = 49DC4A481B14F1BC00B4E78E /* Project object */;
			proxyType = 1;
			remoteGlobalIDString = 49DC4A501B14F1BC00B4E78E;
			remoteInfo = ImagePickerSheetController;
		};
		49DC4AAA1B14F3B800B4E78E /* PBXContainerItemProxy */ = {
			isa = PBXContainerItemProxy;
			containerPortal = 49DC4A481B14F1BC00B4E78E /* Project object */;
			proxyType = 1;
			remoteGlobalIDString = 49DC4A501B14F1BC00B4E78E;
			remoteInfo = ImagePickerSheetController;
		};
		49F3117A1B14FEFE00ACD6A7 /* PBXContainerItemProxy */ = {
			isa = PBXContainerItemProxy;
			containerPortal = 49DC4A481B14F1BC00B4E78E /* Project object */;
			proxyType = 1;
			remoteGlobalIDString = 49DC4A851B14F31500B4E78E;
			remoteInfo = Example;
		};
/* End PBXContainerItemProxy section */

/* Begin PBXCopyFilesBuildPhase section */
		495F89A61B394277006B9BA4 /* CopyFiles */ = {
			isa = PBXCopyFilesBuildPhase;
			buildActionMask = 2147483647;
			dstPath = "";
			dstSubfolderSpec = 10;
			files = (
				4989232F1B9B05CB00D68C8E /* KIF.framework in CopyFiles */,
				495F89A91B394288006B9BA4 /* Nimble.framework in CopyFiles */,
			);
			runOnlyForDeploymentPostprocessing = 0;
		};
		49DC4AAC1B14F3B800B4E78E /* Embed Frameworks */ = {
			isa = PBXCopyFilesBuildPhase;
			buildActionMask = 2147483647;
			dstPath = "";
			dstSubfolderSpec = 10;
			files = (
				49DC4AA91B14F3B800B4E78E /* ImagePickerSheetController.framework in Embed Frameworks */,
			);
			name = "Embed Frameworks";
			runOnlyForDeploymentPostprocessing = 0;
		};
/* End PBXCopyFilesBuildPhase section */

/* Begin PBXFileReference section */
		4944CA841B8DB7F3007EA349 /* SheetActionCollectionViewCell.swift */ = {isa = PBXFileReference; fileEncoding = 4; lastKnownFileType = sourcecode.swift; path = SheetActionCollectionViewCell.swift; sourceTree = "<group>"; };
		494505AB1B2201AF00EF9ADC /* KIFExtensions.swift */ = {isa = PBXFileReference; fileEncoding = 4; lastKnownFileType = sourcecode.swift; path = KIFExtensions.swift; sourceTree = "<group>"; };
		494B3B701B8EF3CB004B467C /* ImagePickerSheetController.swift */ = {isa = PBXFileReference; fileEncoding = 4; lastKnownFileType = sourcecode.swift; path = ImagePickerSheetController.swift; sourceTree = "<group>"; };
		49665AD61B8F2DC6005AA666 /* SheetController.swift */ = {isa = PBXFileReference; fileEncoding = 4; lastKnownFileType = sourcecode.swift; path = SheetController.swift; sourceTree = "<group>"; };
		496DC6D11B86F6E90011AF73 /* CoreMedia.framework */ = {isa = PBXFileReference; lastKnownFileType = wrapper.framework; name = CoreMedia.framework; path = System/Library/Frameworks/CoreMedia.framework; sourceTree = SDKROOT; };
		4981CAFD1B8B246000A09750 /* SheetPreviewCollectionViewCell.swift */ = {isa = PBXFileReference; fileEncoding = 4; lastKnownFileType = sourcecode.swift; lineEnding = 0; path = SheetPreviewCollectionViewCell.swift; sourceTree = "<group>"; xcLanguageSpecificationIdentifier = xcode.lang.swift; };
		4981CAFF1B8B246000A09750 /* PreviewCollectionViewCell.swift */ = {isa = PBXFileReference; fileEncoding = 4; lastKnownFileType = sourcecode.swift; path = PreviewCollectionViewCell.swift; sourceTree = "<group>"; };
		4981CB001B8B246000A09750 /* PreviewCollectionView.swift */ = {isa = PBXFileReference; fileEncoding = 4; lastKnownFileType = sourcecode.swift; path = PreviewCollectionView.swift; sourceTree = "<group>"; };
		4981CB011B8B246000A09750 /* PreviewCollectionViewLayout.swift */ = {isa = PBXFileReference; fileEncoding = 4; lastKnownFileType = sourcecode.swift; path = PreviewCollectionViewLayout.swift; sourceTree = "<group>"; };
		4981CB021B8B246000A09750 /* PreviewSupplementaryView.swift */ = {isa = PBXFileReference; fileEncoding = 4; lastKnownFileType = sourcecode.swift; path = PreviewSupplementaryView.swift; sourceTree = "<group>"; };
		4981CB081B8B255A00A09750 /* SheetCollectionViewCell.swift */ = {isa = PBXFileReference; fileEncoding = 4; lastKnownFileType = sourcecode.swift; path = SheetCollectionViewCell.swift; sourceTree = "<group>"; };
		499E65CE1B8E317C005B807F /* SheetCollectionViewLayout.swift */ = {isa = PBXFileReference; fileEncoding = 4; lastKnownFileType = sourcecode.swift; path = SheetCollectionViewLayout.swift; sourceTree = "<group>"; };
		49A408441B21853E00D6005C /* KIF.framework */ = {isa = PBXFileReference; lastKnownFileType = wrapper.framework; name = KIF.framework; path = ../Carthage/Build/iOS/KIF.framework; sourceTree = "<group>"; };
		49A408461B21854300D6005C /* CoreGraphics.framework */ = {isa = PBXFileReference; lastKnownFileType = wrapper.framework; name = CoreGraphics.framework; path = System/Library/Frameworks/CoreGraphics.framework; sourceTree = SDKROOT; };
		49A408481B2186D500D6005C /* IOKit.framework */ = {isa = PBXFileReference; lastKnownFileType = wrapper.framework; name = IOKit.framework; path = Platforms/iPhoneOS.platform/Developer/SDKs/iPhoneOS.sdk/System/Library/Frameworks/IOKit.framework; sourceTree = DEVELOPER_DIR; };
		49A93AE71B9CC0F100EE8A40 /* PresentationTests.swift */ = {isa = PBXFileReference; fileEncoding = 4; lastKnownFileType = sourcecode.swift; path = PresentationTests.swift; sourceTree = "<group>"; };
		49A93AF01B9CC15A00EE8A40 /* DismissalTests.swift */ = {isa = PBXFileReference; fileEncoding = 4; lastKnownFileType = sourcecode.swift; path = DismissalTests.swift; sourceTree = "<group>"; };
		49A93AF21B9CCB3900EE8A40 /* AddingActionTests.swift */ = {isa = PBXFileReference; fileEncoding = 4; lastKnownFileType = sourcecode.swift; path = AddingActionTests.swift; sourceTree = "<group>"; };
		49A93AF41B9CCBA900EE8A40 /* ActionHandlingTests.swift */ = {isa = PBXFileReference; fileEncoding = 4; lastKnownFileType = sourcecode.swift; path = ActionHandlingTests.swift; sourceTree = "<group>"; };
		49A93AF61B9CCC9500EE8A40 /* ImageSelectionTests.swift */ = {isa = PBXFileReference; fileEncoding = 4; lastKnownFileType = sourcecode.swift; path = ImageSelectionTests.swift; sourceTree = "<group>"; };
		49DC4A511B14F1BC00B4E78E /* ImagePickerSheetController.framework */ = {isa = PBXFileReference; explicitFileType = wrapper.framework; includeInIndex = 0; path = ImagePickerSheetController.framework; sourceTree = BUILT_PRODUCTS_DIR; };
		49DC4A551B14F1BC00B4E78E /* Info.plist */ = {isa = PBXFileReference; lastKnownFileType = text.plist.xml; path = Info.plist; sourceTree = "<group>"; };
		49DC4A561B14F1BC00B4E78E /* ImagePickerSheetController.h */ = {isa = PBXFileReference; lastKnownFileType = sourcecode.c.h; path = ImagePickerSheetController.h; sourceTree = "<group>"; };
		49DC4A5C1B14F1BC00B4E78E /* ImagePickerSheetControllerTests.xctest */ = {isa = PBXFileReference; explicitFileType = wrapper.cfbundle; includeInIndex = 0; path = ImagePickerSheetControllerTests.xctest; sourceTree = BUILT_PRODUCTS_DIR; };
		49DC4A621B14F1BC00B4E78E /* Info.plist */ = {isa = PBXFileReference; lastKnownFileType = text.plist.xml; path = Info.plist; sourceTree = "<group>"; };
		49DC4A631B14F1BC00B4E78E /* ImagePickerSheetControllerTests.swift */ = {isa = PBXFileReference; lastKnownFileType = sourcecode.swift; path = ImagePickerSheetControllerTests.swift; sourceTree = "<group>"; };
		49DC4A6D1B14F1F600B4E78E /* AnimationController.swift */ = {isa = PBXFileReference; fileEncoding = 4; lastKnownFileType = sourcecode.swift; path = AnimationController.swift; sourceTree = "<group>"; };
		49DC4A6E1B14F1F600B4E78E /* ImagePickerAction.swift */ = {isa = PBXFileReference; fileEncoding = 4; lastKnownFileType = sourcecode.swift; path = ImagePickerAction.swift; sourceTree = "<group>"; };
		49DC4A7D1B14F22200B4E78E /* Images.xcassets */ = {isa = PBXFileReference; lastKnownFileType = folder.assetcatalog; path = Images.xcassets; sourceTree = "<group>"; };
		49DC4A7F1B14F2EF00B4E78E /* Photos.framework */ = {isa = PBXFileReference; lastKnownFileType = wrapper.framework; name = Photos.framework; path = System/Library/Frameworks/Photos.framework; sourceTree = SDKROOT; };
		49DC4A861B14F31500B4E78E /* Example.app */ = {isa = PBXFileReference; explicitFileType = wrapper.application; includeInIndex = 0; path = Example.app; sourceTree = BUILT_PRODUCTS_DIR; };
		49DC4A891B14F31500B4E78E /* Info.plist */ = {isa = PBXFileReference; lastKnownFileType = text.plist.xml; path = Info.plist; sourceTree = "<group>"; };
		49DC4A8A1B14F31500B4E78E /* AppDelegate.swift */ = {isa = PBXFileReference; lastKnownFileType = sourcecode.swift; path = AppDelegate.swift; sourceTree = "<group>"; };
		49DC4A8C1B14F31500B4E78E /* ViewController.swift */ = {isa = PBXFileReference; lastKnownFileType = sourcecode.swift; path = ViewController.swift; sourceTree = "<group>"; };
		49DC4A941B14F31500B4E78E /* Base */ = {isa = PBXFileReference; lastKnownFileType = file.xib; name = Base; path = Base.lproj/LaunchScreen.xib; sourceTree = "<group>"; };
		49DC4AAD1B14FB9A00B4E78E /* Nimble.framework */ = {isa = PBXFileReference; lastKnownFileType = wrapper.framework; name = Nimble.framework; path = ../Carthage/Build/iOS/Nimble.framework; sourceTree = "<group>"; };
		49F3118B1B15074100ACD6A7 /* Base */ = {isa = PBXFileReference; lastKnownFileType = text.xml; name = Base; path = Base.lproj/Localizable.stringsdict; sourceTree = "<group>"; };
		49F3118E1B15074400ACD6A7 /* Base */ = {isa = PBXFileReference; lastKnownFileType = text.plist.strings; name = Base; path = Base.lproj/Localizable.strings; sourceTree = "<group>"; };
/* End PBXFileReference section */

/* Begin PBXFrameworksBuildPhase section */
		49DC4A4D1B14F1BC00B4E78E /* Frameworks */ = {
			isa = PBXFrameworksBuildPhase;
			buildActionMask = 2147483647;
			files = (
				49DC4A801B14F2EF00B4E78E /* Photos.framework in Frameworks */,
			);
			runOnlyForDeploymentPostprocessing = 0;
		};
		49DC4A591B14F1BC00B4E78E /* Frameworks */ = {
			isa = PBXFrameworksBuildPhase;
			buildActionMask = 2147483647;
			files = (
				495E5F551B9DE84D004729E6 /* KIF.framework in Frameworks */,
				49DC4A5D1B14F1BC00B4E78E /* ImagePickerSheetController.framework in Frameworks */,
				494505AE1B22022F00EF9ADC /* CoreGraphics.framework in Frameworks */,
				494505B11B22026600EF9ADC /* IOKit.framework in Frameworks */,
				49DC4AAF1B14FB9A00B4E78E /* Nimble.framework in Frameworks */,
			);
			runOnlyForDeploymentPostprocessing = 0;
		};
		49DC4A831B14F31500B4E78E /* Frameworks */ = {
			isa = PBXFrameworksBuildPhase;
			buildActionMask = 2147483647;
			files = (
				49DC4AA81B14F3B800B4E78E /* ImagePickerSheetController.framework in Frameworks */,
			);
			runOnlyForDeploymentPostprocessing = 0;
		};
/* End PBXFrameworksBuildPhase section */

/* Begin PBXGroup section */
		4981CAFC1B8B246000A09750 /* Sheet */ = {
			isa = PBXGroup;
			children = (
				49665AD61B8F2DC6005AA666 /* SheetController.swift */,
				499E65CE1B8E317C005B807F /* SheetCollectionViewLayout.swift */,
				4981CB081B8B255A00A09750 /* SheetCollectionViewCell.swift */,
				4981CAFD1B8B246000A09750 /* SheetPreviewCollectionViewCell.swift */,
				4944CA841B8DB7F3007EA349 /* SheetActionCollectionViewCell.swift */,
				4981CAFE1B8B246000A09750 /* Preview */,
			);
			path = Sheet;
			sourceTree = "<group>";
		};
		4981CAFE1B8B246000A09750 /* Preview */ = {
			isa = PBXGroup;
			children = (
				4981CB001B8B246000A09750 /* PreviewCollectionView.swift */,
				4981CB011B8B246000A09750 /* PreviewCollectionViewLayout.swift */,
				4981CAFF1B8B246000A09750 /* PreviewCollectionViewCell.swift */,
				4981CB021B8B246000A09750 /* PreviewSupplementaryView.swift */,
			);
			path = Preview;
			sourceTree = "<group>";
		};
		49DC4A471B14F1BC00B4E78E = {
			isa = PBXGroup;
			children = (
				49DC4A531B14F1BC00B4E78E /* ImagePickerSheetController */,
				49DC4A601B14F1BC00B4E78E /* ImagePickerSheetControllerTests */,
				49DC4A871B14F31500B4E78E /* Example */,
				49DC4AB11B14FBAD00B4E78E /* Frameworks */,
				49DC4A521B14F1BC00B4E78E /* Products */,
			);
			sourceTree = "<group>";
		};
		49DC4A521B14F1BC00B4E78E /* Products */ = {
			isa = PBXGroup;
			children = (
				49DC4A511B14F1BC00B4E78E /* ImagePickerSheetController.framework */,
				49DC4A5C1B14F1BC00B4E78E /* ImagePickerSheetControllerTests.xctest */,
				49DC4A861B14F31500B4E78E /* Example.app */,
			);
			name = Products;
			sourceTree = "<group>";
		};
		49DC4A531B14F1BC00B4E78E /* ImagePickerSheetController */ = {
			isa = PBXGroup;
			children = (
				49DC4A6E1B14F1F600B4E78E /* ImagePickerAction.swift */,
				49DC4A6D1B14F1F600B4E78E /* AnimationController.swift */,
				494B3B701B8EF3CB004B467C /* ImagePickerSheetController.swift */,
				4981CAFC1B8B246000A09750 /* Sheet */,
				49DC4A7D1B14F22200B4E78E /* Images.xcassets */,
				49DC4A541B14F1BC00B4E78E /* Supporting Files */,
			);
			path = ImagePickerSheetController;
			sourceTree = "<group>";
		};
		49DC4A541B14F1BC00B4E78E /* Supporting Files */ = {
			isa = PBXGroup;
			children = (
				49DC4A561B14F1BC00B4E78E /* ImagePickerSheetController.h */,
				49DC4A551B14F1BC00B4E78E /* Info.plist */,
			);
			name = "Supporting Files";
			sourceTree = "<group>";
		};
		49DC4A601B14F1BC00B4E78E /* ImagePickerSheetControllerTests */ = {
			isa = PBXGroup;
			children = (
				49A93AE71B9CC0F100EE8A40 /* PresentationTests.swift */,
				49A93AF01B9CC15A00EE8A40 /* DismissalTests.swift */,
				49A93AF21B9CCB3900EE8A40 /* AddingActionTests.swift */,
				49A93AF41B9CCBA900EE8A40 /* ActionHandlingTests.swift */,
				49A93AF61B9CCC9500EE8A40 /* ImageSelectionTests.swift */,
				49DC4A631B14F1BC00B4E78E /* ImagePickerSheetControllerTests.swift */,
				494505AB1B2201AF00EF9ADC /* KIFExtensions.swift */,
				49DC4A611B14F1BC00B4E78E /* Supporting Files */,
			);
			path = ImagePickerSheetControllerTests;
			sourceTree = "<group>";
		};
		49DC4A611B14F1BC00B4E78E /* Supporting Files */ = {
			isa = PBXGroup;
			children = (
				49DC4A621B14F1BC00B4E78E /* Info.plist */,
			);
			name = "Supporting Files";
			sourceTree = "<group>";
		};
		49DC4A871B14F31500B4E78E /* Example */ = {
			isa = PBXGroup;
			children = (
				49DC4A8A1B14F31500B4E78E /* AppDelegate.swift */,
				49DC4A8C1B14F31500B4E78E /* ViewController.swift */,
				49DC4A881B14F31500B4E78E /* Supporting Files */,
			);
			path = Example;
			sourceTree = "<group>";
		};
		49DC4A881B14F31500B4E78E /* Supporting Files */ = {
			isa = PBXGroup;
			children = (
				49F3118F1B15074400ACD6A7 /* Localizable.strings */,
				49F3118C1B15074100ACD6A7 /* Localizable.stringsdict */,
				49DC4A931B14F31500B4E78E /* LaunchScreen.xib */,
				49DC4A891B14F31500B4E78E /* Info.plist */,
			);
			name = "Supporting Files";
			sourceTree = "<group>";
		};
		49DC4AB11B14FBAD00B4E78E /* Frameworks */ = {
			isa = PBXGroup;
			children = (
				496DC6D11B86F6E90011AF73 /* CoreMedia.framework */,
				49A408481B2186D500D6005C /* IOKit.framework */,
				49A408461B21854300D6005C /* CoreGraphics.framework */,
				49A408441B21853E00D6005C /* KIF.framework */,
				49DC4A7F1B14F2EF00B4E78E /* Photos.framework */,
				49DC4AAD1B14FB9A00B4E78E /* Nimble.framework */,
			);
			name = Frameworks;
			sourceTree = "<group>";
		};
/* End PBXGroup section */

/* Begin PBXHeadersBuildPhase section */
		49DC4A4E1B14F1BC00B4E78E /* Headers */ = {
			isa = PBXHeadersBuildPhase;
			buildActionMask = 2147483647;
			files = (
				49DC4A571B14F1BC00B4E78E /* ImagePickerSheetController.h in Headers */,
			);
			runOnlyForDeploymentPostprocessing = 0;
		};
/* End PBXHeadersBuildPhase section */

/* Begin PBXNativeTarget section */
		49DC4A501B14F1BC00B4E78E /* ImagePickerSheetController */ = {
			isa = PBXNativeTarget;
			buildConfigurationList = 49DC4A671B14F1BC00B4E78E /* Build configuration list for PBXNativeTarget "ImagePickerSheetController" */;
			buildPhases = (
				49DC4A4C1B14F1BC00B4E78E /* Sources */,
				49DC4A4D1B14F1BC00B4E78E /* Frameworks */,
				49DC4A4E1B14F1BC00B4E78E /* Headers */,
				49DC4A4F1B14F1BC00B4E78E /* Resources */,
			);
			buildRules = (
			);
			dependencies = (
			);
			name = ImagePickerSheetController;
			productName = ImagePickerSheetController;
			productReference = 49DC4A511B14F1BC00B4E78E /* ImagePickerSheetController.framework */;
			productType = "com.apple.product-type.framework";
		};
		49DC4A5B1B14F1BC00B4E78E /* ImagePickerSheetControllerTests */ = {
			isa = PBXNativeTarget;
			buildConfigurationList = 49DC4A6A1B14F1BC00B4E78E /* Build configuration list for PBXNativeTarget "ImagePickerSheetControllerTests" */;
			buildPhases = (
				49DC4A581B14F1BC00B4E78E /* Sources */,
				49DC4A591B14F1BC00B4E78E /* Frameworks */,
				49DC4A5A1B14F1BC00B4E78E /* Resources */,
				495F89A61B394277006B9BA4 /* CopyFiles */,
			);
			buildRules = (
			);
			dependencies = (
				49DC4A5F1B14F1BC00B4E78E /* PBXTargetDependency */,
				49F3117B1B14FEFE00ACD6A7 /* PBXTargetDependency */,
			);
			name = ImagePickerSheetControllerTests;
			productName = ImagePickerSheetControllerTests;
			productReference = 49DC4A5C1B14F1BC00B4E78E /* ImagePickerSheetControllerTests.xctest */;
			productType = "com.apple.product-type.bundle.unit-test";
		};
		49DC4A851B14F31500B4E78E /* Example */ = {
			isa = PBXNativeTarget;
			buildConfigurationList = 49DC4AA21B14F31500B4E78E /* Build configuration list for PBXNativeTarget "Example" */;
			buildPhases = (
				49DC4A821B14F31500B4E78E /* Sources */,
				49DC4A831B14F31500B4E78E /* Frameworks */,
				49DC4A841B14F31500B4E78E /* Resources */,
				49DC4AAC1B14F3B800B4E78E /* Embed Frameworks */,
			);
			buildRules = (
			);
			dependencies = (
				49DC4AAB1B14F3B800B4E78E /* PBXTargetDependency */,
			);
			name = Example;
			productName = Example;
			productReference = 49DC4A861B14F31500B4E78E /* Example.app */;
			productType = "com.apple.product-type.application";
		};
/* End PBXNativeTarget section */

/* Begin PBXProject section */
		49DC4A481B14F1BC00B4E78E /* Project object */ = {
			isa = PBXProject;
			attributes = {
				LastSwiftUpdateCheck = 0700;
				LastUpgradeCheck = 1010;
				ORGANIZATIONNAME = "Laurin Brandner";
				TargetAttributes = {
					49DC4A501B14F1BC00B4E78E = {
						CreatedOnToolsVersion = 6.3.1;
						LastSwiftMigration = 0800;
					};
					49DC4A5B1B14F1BC00B4E78E = {
						CreatedOnToolsVersion = 6.3.1;
						LastSwiftMigration = 0800;
						TestTargetID = 49DC4A851B14F31500B4E78E;
					};
					49DC4A851B14F31500B4E78E = {
						CreatedOnToolsVersion = 6.3.1;
						DevelopmentTeam = 5953RHWYWT;
						LastSwiftMigration = 0800;
					};
				};
			};
			buildConfigurationList = 49DC4A4B1B14F1BC00B4E78E /* Build configuration list for PBXProject "ImagePickerSheetController" */;
			compatibilityVersion = "Xcode 3.2";
			developmentRegion = English;
			hasScannedForEncodings = 0;
			knownRegions = (
				en,
				Base,
			);
			mainGroup = 49DC4A471B14F1BC00B4E78E;
			productRefGroup = 49DC4A521B14F1BC00B4E78E /* Products */;
			projectDirPath = "";
			projectRoot = "";
			targets = (
				49DC4A501B14F1BC00B4E78E /* ImagePickerSheetController */,
				49DC4A5B1B14F1BC00B4E78E /* ImagePickerSheetControllerTests */,
				49DC4A851B14F31500B4E78E /* Example */,
			);
		};
/* End PBXProject section */

/* Begin PBXResourcesBuildPhase section */
		49DC4A4F1B14F1BC00B4E78E /* Resources */ = {
			isa = PBXResourcesBuildPhase;
			buildActionMask = 2147483647;
			files = (
				49DC4A7E1B14F22200B4E78E /* Images.xcassets in Resources */,
			);
			runOnlyForDeploymentPostprocessing = 0;
		};
		49DC4A5A1B14F1BC00B4E78E /* Resources */ = {
			isa = PBXResourcesBuildPhase;
			buildActionMask = 2147483647;
			files = (
			);
			runOnlyForDeploymentPostprocessing = 0;
		};
		49DC4A841B14F31500B4E78E /* Resources */ = {
			isa = PBXResourcesBuildPhase;
			buildActionMask = 2147483647;
			files = (
				49DC4A951B14F31500B4E78E /* LaunchScreen.xib in Resources */,
				49F3118D1B15074400ACD6A7 /* Localizable.strings in Resources */,
				49F3118A1B15074100ACD6A7 /* Localizable.stringsdict in Resources */,
			);
			runOnlyForDeploymentPostprocessing = 0;
		};
/* End PBXResourcesBuildPhase section */

/* Begin PBXSourcesBuildPhase section */
		49DC4A4C1B14F1BC00B4E78E /* Sources */ = {
			isa = PBXSourcesBuildPhase;
			buildActionMask = 2147483647;
			files = (
				4981CB041B8B246000A09750 /* PreviewCollectionViewCell.swift in Sources */,
				49DC4A751B14F1F600B4E78E /* AnimationController.swift in Sources */,
				4981CB061B8B246000A09750 /* PreviewCollectionViewLayout.swift in Sources */,
				49DC4A761B14F1F600B4E78E /* ImagePickerAction.swift in Sources */,
				494B3B711B8EF3CB004B467C /* ImagePickerSheetController.swift in Sources */,
				49665AD71B8F2DC6005AA666 /* SheetController.swift in Sources */,
				499E65CF1B8E317C005B807F /* SheetCollectionViewLayout.swift in Sources */,
				4981CB031B8B246000A09750 /* SheetPreviewCollectionViewCell.swift in Sources */,
				4981CB091B8B255A00A09750 /* SheetCollectionViewCell.swift in Sources */,
				4981CB071B8B246000A09750 /* PreviewSupplementaryView.swift in Sources */,
				4981CB051B8B246000A09750 /* PreviewCollectionView.swift in Sources */,
				4944CA851B8DB7F3007EA349 /* SheetActionCollectionViewCell.swift in Sources */,
			);
			runOnlyForDeploymentPostprocessing = 0;
		};
		49DC4A581B14F1BC00B4E78E /* Sources */ = {
			isa = PBXSourcesBuildPhase;
			buildActionMask = 2147483647;
			files = (
				494505AC1B2201AF00EF9ADC /* KIFExtensions.swift in Sources */,
				49A93AE81B9CC0F100EE8A40 /* PresentationTests.swift in Sources */,
				49A93AF51B9CCBA900EE8A40 /* ActionHandlingTests.swift in Sources */,
				49DC4A641B14F1BC00B4E78E /* ImagePickerSheetControllerTests.swift in Sources */,
				49A93AF11B9CC15A00EE8A40 /* DismissalTests.swift in Sources */,
				49A93AF31B9CCB3900EE8A40 /* AddingActionTests.swift in Sources */,
				49A93AF71B9CCC9500EE8A40 /* ImageSelectionTests.swift in Sources */,
			);
			runOnlyForDeploymentPostprocessing = 0;
		};
		49DC4A821B14F31500B4E78E /* Sources */ = {
			isa = PBXSourcesBuildPhase;
			buildActionMask = 2147483647;
			files = (
				49DC4A8D1B14F31500B4E78E /* ViewController.swift in Sources */,
				49DC4A8B1B14F31500B4E78E /* AppDelegate.swift in Sources */,
			);
			runOnlyForDeploymentPostprocessing = 0;
		};
/* End PBXSourcesBuildPhase section */

/* Begin PBXTargetDependency section */
		49DC4A5F1B14F1BC00B4E78E /* PBXTargetDependency */ = {
			isa = PBXTargetDependency;
			target = 49DC4A501B14F1BC00B4E78E /* ImagePickerSheetController */;
			targetProxy = 49DC4A5E1B14F1BC00B4E78E /* PBXContainerItemProxy */;
		};
		49DC4AAB1B14F3B800B4E78E /* PBXTargetDependency */ = {
			isa = PBXTargetDependency;
			target = 49DC4A501B14F1BC00B4E78E /* ImagePickerSheetController */;
			targetProxy = 49DC4AAA1B14F3B800B4E78E /* PBXContainerItemProxy */;
		};
		49F3117B1B14FEFE00ACD6A7 /* PBXTargetDependency */ = {
			isa = PBXTargetDependency;
			target = 49DC4A851B14F31500B4E78E /* Example */;
			targetProxy = 49F3117A1B14FEFE00ACD6A7 /* PBXContainerItemProxy */;
		};
/* End PBXTargetDependency section */

/* Begin PBXVariantGroup section */
		49DC4A931B14F31500B4E78E /* LaunchScreen.xib */ = {
			isa = PBXVariantGroup;
			children = (
				49DC4A941B14F31500B4E78E /* Base */,
			);
			name = LaunchScreen.xib;
			sourceTree = "<group>";
		};
		49F3118C1B15074100ACD6A7 /* Localizable.stringsdict */ = {
			isa = PBXVariantGroup;
			children = (
				49F3118B1B15074100ACD6A7 /* Base */,
			);
			name = Localizable.stringsdict;
			sourceTree = "<group>";
		};
		49F3118F1B15074400ACD6A7 /* Localizable.strings */ = {
			isa = PBXVariantGroup;
			children = (
				49F3118E1B15074400ACD6A7 /* Base */,
			);
			name = Localizable.strings;
			sourceTree = "<group>";
		};
/* End PBXVariantGroup section */

/* Begin XCBuildConfiguration section */
		49DC4A651B14F1BC00B4E78E /* Debug */ = {
			isa = XCBuildConfiguration;
			buildSettings = {
				ALWAYS_SEARCH_USER_PATHS = NO;
				CLANG_CXX_LANGUAGE_STANDARD = "gnu++0x";
				CLANG_CXX_LIBRARY = "libc++";
				CLANG_ENABLE_MODULES = YES;
				CLANG_ENABLE_OBJC_ARC = YES;
				CLANG_WARN_BLOCK_CAPTURE_AUTORELEASING = YES;
				CLANG_WARN_BOOL_CONVERSION = YES;
				CLANG_WARN_COMMA = YES;
				CLANG_WARN_CONSTANT_CONVERSION = YES;
				CLANG_WARN_DEPRECATED_OBJC_IMPLEMENTATIONS = YES;
				CLANG_WARN_DIRECT_OBJC_ISA_USAGE = YES_ERROR;
				CLANG_WARN_EMPTY_BODY = YES;
				CLANG_WARN_ENUM_CONVERSION = YES;
				CLANG_WARN_INFINITE_RECURSION = YES;
				CLANG_WARN_INT_CONVERSION = YES;
				CLANG_WARN_NON_LITERAL_NULL_CONVERSION = YES;
				CLANG_WARN_OBJC_IMPLICIT_RETAIN_SELF = YES;
				CLANG_WARN_OBJC_LITERAL_CONVERSION = YES;
				CLANG_WARN_OBJC_ROOT_CLASS = YES_ERROR;
				CLANG_WARN_RANGE_LOOP_ANALYSIS = YES;
				CLANG_WARN_STRICT_PROTOTYPES = YES;
				CLANG_WARN_SUSPICIOUS_MOVE = YES;
				CLANG_WARN_UNREACHABLE_CODE = YES;
				CLANG_WARN__DUPLICATE_METHOD_MATCH = YES;
				"CODE_SIGN_IDENTITY[sdk=iphoneos*]" = "iPhone Developer";
				COPY_PHASE_STRIP = NO;
				CURRENT_PROJECT_VERSION = 1;
				DEBUG_INFORMATION_FORMAT = "dwarf-with-dsym";
				ENABLE_STRICT_OBJC_MSGSEND = YES;
				ENABLE_TESTABILITY = YES;
				GCC_C_LANGUAGE_STANDARD = gnu99;
				GCC_DYNAMIC_NO_PIC = NO;
				GCC_NO_COMMON_BLOCKS = YES;
				GCC_OPTIMIZATION_LEVEL = 0;
				GCC_PREPROCESSOR_DEFINITIONS = (
					"DEBUG=1",
					"$(inherited)",
				);
				GCC_SYMBOLS_PRIVATE_EXTERN = NO;
				GCC_WARN_64_TO_32_BIT_CONVERSION = YES;
				GCC_WARN_ABOUT_RETURN_TYPE = YES_ERROR;
				GCC_WARN_UNDECLARED_SELECTOR = YES;
				GCC_WARN_UNINITIALIZED_AUTOS = YES_AGGRESSIVE;
				GCC_WARN_UNUSED_FUNCTION = YES;
				GCC_WARN_UNUSED_VARIABLE = YES;
				IPHONEOS_DEPLOYMENT_TARGET = 9.0;
				MTL_ENABLE_DEBUG_INFO = YES;
				ONLY_ACTIVE_ARCH = YES;
				SDKROOT = iphoneos;
				SWIFT_OPTIMIZATION_LEVEL = "-Onone";
				SWIFT_VERSION = 4.2;
				TARGETED_DEVICE_FAMILY = "1,2";
				VERSIONING_SYSTEM = "apple-generic";
				VERSION_INFO_PREFIX = "";
			};
			name = Debug;
		};
		49DC4A661B14F1BC00B4E78E /* Release */ = {
			isa = XCBuildConfiguration;
			buildSettings = {
				ALWAYS_SEARCH_USER_PATHS = NO;
				CLANG_CXX_LANGUAGE_STANDARD = "gnu++0x";
				CLANG_CXX_LIBRARY = "libc++";
				CLANG_ENABLE_MODULES = YES;
				CLANG_ENABLE_OBJC_ARC = YES;
				CLANG_WARN_BLOCK_CAPTURE_AUTORELEASING = YES;
				CLANG_WARN_BOOL_CONVERSION = YES;
				CLANG_WARN_COMMA = YES;
				CLANG_WARN_CONSTANT_CONVERSION = YES;
				CLANG_WARN_DEPRECATED_OBJC_IMPLEMENTATIONS = YES;
				CLANG_WARN_DIRECT_OBJC_ISA_USAGE = YES_ERROR;
				CLANG_WARN_EMPTY_BODY = YES;
				CLANG_WARN_ENUM_CONVERSION = YES;
				CLANG_WARN_INFINITE_RECURSION = YES;
				CLANG_WARN_INT_CONVERSION = YES;
				CLANG_WARN_NON_LITERAL_NULL_CONVERSION = YES;
				CLANG_WARN_OBJC_IMPLICIT_RETAIN_SELF = YES;
				CLANG_WARN_OBJC_LITERAL_CONVERSION = YES;
				CLANG_WARN_OBJC_ROOT_CLASS = YES_ERROR;
				CLANG_WARN_RANGE_LOOP_ANALYSIS = YES;
				CLANG_WARN_STRICT_PROTOTYPES = YES;
				CLANG_WARN_SUSPICIOUS_MOVE = YES;
				CLANG_WARN_UNREACHABLE_CODE = YES;
				CLANG_WARN__DUPLICATE_METHOD_MATCH = YES;
				"CODE_SIGN_IDENTITY[sdk=iphoneos*]" = "iPhone Developer";
				COPY_PHASE_STRIP = NO;
				CURRENT_PROJECT_VERSION = 1;
				DEBUG_INFORMATION_FORMAT = "dwarf-with-dsym";
				ENABLE_NS_ASSERTIONS = NO;
				ENABLE_STRICT_OBJC_MSGSEND = YES;
				GCC_C_LANGUAGE_STANDARD = gnu99;
				GCC_NO_COMMON_BLOCKS = YES;
				GCC_WARN_64_TO_32_BIT_CONVERSION = YES;
				GCC_WARN_ABOUT_RETURN_TYPE = YES_ERROR;
				GCC_WARN_UNDECLARED_SELECTOR = YES;
				GCC_WARN_UNINITIALIZED_AUTOS = YES_AGGRESSIVE;
				GCC_WARN_UNUSED_FUNCTION = YES;
				GCC_WARN_UNUSED_VARIABLE = YES;
				IPHONEOS_DEPLOYMENT_TARGET = 9.0;
				MTL_ENABLE_DEBUG_INFO = NO;
				SDKROOT = iphoneos;
				SWIFT_OPTIMIZATION_LEVEL = "-Owholemodule";
				SWIFT_VERSION = 4.2;
				TARGETED_DEVICE_FAMILY = "1,2";
				VALIDATE_PRODUCT = YES;
				VERSIONING_SYSTEM = "apple-generic";
				VERSION_INFO_PREFIX = "";
			};
			name = Release;
		};
		49DC4A681B14F1BC00B4E78E /* Debug */ = {
			isa = XCBuildConfiguration;
			buildSettings = {
				"CODE_SIGN_IDENTITY[sdk=iphoneos*]" = "";
				DEFINES_MODULE = YES;
				DYLIB_COMPATIBILITY_VERSION = 1;
				DYLIB_CURRENT_VERSION = 1;
				DYLIB_INSTALL_NAME_BASE = "@rpath";
				FRAMEWORK_SEARCH_PATHS = "";
				INFOPLIST_FILE = ImagePickerSheetController/Info.plist;
				INSTALL_PATH = "$(LOCAL_LIBRARY_DIR)/Frameworks";
				IPHONEOS_DEPLOYMENT_TARGET = 9.0;
				LD_RUNPATH_SEARCH_PATHS = "$(inherited) @executable_path/Frameworks @loader_path/Frameworks";
				PRODUCT_BUNDLE_IDENTIFIER = "ch.laurinbrandner.$(PRODUCT_NAME:rfc1034identifier)";
				PRODUCT_NAME = "$(TARGET_NAME)";
				SKIP_INSTALL = YES;
				SWIFT_VERSION = 4.2;
			};
			name = Debug;
		};
		49DC4A691B14F1BC00B4E78E /* Release */ = {
			isa = XCBuildConfiguration;
			buildSettings = {
				"CODE_SIGN_IDENTITY[sdk=iphoneos*]" = "";
				DEFINES_MODULE = YES;
				DYLIB_COMPATIBILITY_VERSION = 1;
				DYLIB_CURRENT_VERSION = 1;
				DYLIB_INSTALL_NAME_BASE = "@rpath";
				FRAMEWORK_SEARCH_PATHS = "";
				INFOPLIST_FILE = ImagePickerSheetController/Info.plist;
				INSTALL_PATH = "$(LOCAL_LIBRARY_DIR)/Frameworks";
				IPHONEOS_DEPLOYMENT_TARGET = 9.0;
				LD_RUNPATH_SEARCH_PATHS = "$(inherited) @executable_path/Frameworks @loader_path/Frameworks";
				PRODUCT_BUNDLE_IDENTIFIER = "ch.laurinbrandner.$(PRODUCT_NAME:rfc1034identifier)";
				PRODUCT_NAME = "$(TARGET_NAME)";
				SKIP_INSTALL = YES;
				SWIFT_VERSION = 4.2;
			};
			name = Release;
		};
		49DC4A6B1B14F1BC00B4E78E /* Debug */ = {
			isa = XCBuildConfiguration;
			buildSettings = {
				ALWAYS_EMBED_SWIFT_STANDARD_LIBRARIES = YES;
				DEVELOPMENT_TEAM = "";
				FRAMEWORK_SEARCH_PATHS = "$(PROJECT_DIR)/../Carthage/Build/iOS";
				GCC_PREPROCESSOR_DEFINITIONS = (
					"DEBUG=1",
					"$(inherited)",
				);
				INFOPLIST_FILE = ImagePickerSheetControllerTests/Info.plist;
				IPHONEOS_DEPLOYMENT_TARGET = 9.0;
				LD_RUNPATH_SEARCH_PATHS = "$(inherited) @executable_path/Frameworks @loader_path/Frameworks";
				PRODUCT_BUNDLE_IDENTIFIER = "ch.laurinbrandner.$(PRODUCT_NAME:rfc1034identifier)";
				PRODUCT_NAME = "$(TARGET_NAME)";
				SWIFT_VERSION = 3.0;
				TEST_HOST = "$(BUILT_PRODUCTS_DIR)/Example.app/Example";
			};
			name = Debug;
		};
		49DC4A6C1B14F1BC00B4E78E /* Release */ = {
			isa = XCBuildConfiguration;
			buildSettings = {
				ALWAYS_EMBED_SWIFT_STANDARD_LIBRARIES = YES;
				DEVELOPMENT_TEAM = "";
				FRAMEWORK_SEARCH_PATHS = "$(PROJECT_DIR)/../Carthage/Build/iOS";
				INFOPLIST_FILE = ImagePickerSheetControllerTests/Info.plist;
				IPHONEOS_DEPLOYMENT_TARGET = 9.0;
				LD_RUNPATH_SEARCH_PATHS = "$(inherited) @executable_path/Frameworks @loader_path/Frameworks";
				PRODUCT_BUNDLE_IDENTIFIER = "ch.laurinbrandner.$(PRODUCT_NAME:rfc1034identifier)";
				PRODUCT_NAME = "$(TARGET_NAME)";
				SWIFT_VERSION = 3.0;
				TEST_HOST = "$(BUILT_PRODUCTS_DIR)/Example.app/Example";
			};
			name = Release;
		};
		49DC4AA31B14F31500B4E78E /* Debug */ = {
			isa = XCBuildConfiguration;
			buildSettings = {
				ASSETCATALOG_COMPILER_APPICON_NAME = AppIcon;
				CODE_SIGN_IDENTITY = "iPhone Developer";
				"CODE_SIGN_IDENTITY[sdk=iphoneos*]" = "iPhone Developer";
				GCC_PREPROCESSOR_DEFINITIONS = (
					"DEBUG=1",
					"$(inherited)",
				);
				INFOPLIST_FILE = Example/Info.plist;
				IPHONEOS_DEPLOYMENT_TARGET = 9.0;
				LD_RUNPATH_SEARCH_PATHS = "$(inherited) @executable_path/Frameworks";
				PRODUCT_BUNDLE_IDENTIFIER = "ch.laurinbrandner.$(PRODUCT_NAME:rfc1034identifier)";
				PRODUCT_NAME = "$(TARGET_NAME)";
				PROVISIONING_PROFILE = "";
				SWIFT_VERSION = 4.2;
			};
			name = Debug;
		};
		49DC4AA41B14F31500B4E78E /* Release */ = {
			isa = XCBuildConfiguration;
			buildSettings = {
				ASSETCATALOG_COMPILER_APPICON_NAME = AppIcon;
				CODE_SIGN_IDENTITY = "iPhone Developer";
				"CODE_SIGN_IDENTITY[sdk=iphoneos*]" = "iPhone Developer";
				INFOPLIST_FILE = Example/Info.plist;
				IPHONEOS_DEPLOYMENT_TARGET = 9.0;
				LD_RUNPATH_SEARCH_PATHS = "$(inherited) @executable_path/Frameworks";
				PRODUCT_BUNDLE_IDENTIFIER = "ch.laurinbrandner.$(PRODUCT_NAME:rfc1034identifier)";
				PRODUCT_NAME = "$(TARGET_NAME)";
				PROVISIONING_PROFILE = "";
				SWIFT_VERSION = 4.2;
			};
			name = Release;
		};
/* End XCBuildConfiguration section */

/* Begin XCConfigurationList section */
		49DC4A4B1B14F1BC00B4E78E /* Build configuration list for PBXProject "ImagePickerSheetController" */ = {
			isa = XCConfigurationList;
			buildConfigurations = (
				49DC4A651B14F1BC00B4E78E /* Debug */,
				49DC4A661B14F1BC00B4E78E /* Release */,
			);
			defaultConfigurationIsVisible = 0;
			defaultConfigurationName = Release;
		};
		49DC4A671B14F1BC00B4E78E /* Build configuration list for PBXNativeTarget "ImagePickerSheetController" */ = {
			isa = XCConfigurationList;
			buildConfigurations = (
				49DC4A681B14F1BC00B4E78E /* Debug */,
				49DC4A691B14F1BC00B4E78E /* Release */,
			);
			defaultConfigurationIsVisible = 0;
			defaultConfigurationName = Release;
		};
		49DC4A6A1B14F1BC00B4E78E /* Build configuration list for PBXNativeTarget "ImagePickerSheetControllerTests" */ = {
			isa = XCConfigurationList;
			buildConfigurations = (
				49DC4A6B1B14F1BC00B4E78E /* Debug */,
				49DC4A6C1B14F1BC00B4E78E /* Release */,
			);
			defaultConfigurationIsVisible = 0;
			defaultConfigurationName = Release;
		};
		49DC4AA21B14F31500B4E78E /* Build configuration list for PBXNativeTarget "Example" */ = {
			isa = XCConfigurationList;
			buildConfigurations = (
				49DC4AA31B14F31500B4E78E /* Debug */,
				49DC4AA41B14F31500B4E78E /* Release */,
			);
			defaultConfigurationIsVisible = 0;
			defaultConfigurationName = Release;
		};
/* End XCConfigurationList section */
	};
	rootObject = 49DC4A481B14F1BC00B4E78E /* Project object */;
}
